
Microsoft Visual Studio Solution File, Format Version 12.00
# Visual Studio Version 17
VisualStudioVersion = 17.11.35312.102
MinimumVisualStudioVersion = 10.0.40219.1
Project("{FAE04EC0-301F-11D3-BF4B-00C04F79EFBC}") = "ProjetoFaturacao", "ProjetoFaturacao.csproj", "{E5D448C5-8F20-4021-9D0F-EF6142AA7B7F}"
EndProject
Global
	GlobalSection(SolutionConfigurationPlatforms) = preSolution
		Debug|Any CPU = Debug|Any CPU
		Release|Any CPU = Release|Any CPU
	EndGlobalSection
	GlobalSection(ProjectConfigurationPlatforms) = postSolution
		{E5D448C5-8F20-4021-9D0F-EF6142AA7B7F}.Debug|Any CPU.ActiveCfg = Debug|Any CPU
		{E5D448C5-8F20-4021-9D0F-EF6142AA7B7F}.Debug|Any CPU.Build.0 = Debug|Any CPU
		{E5D448C5-8F20-4021-9D0F-EF6142AA7B7F}.Release|Any CPU.ActiveCfg = Release|Any CPU
		{E5D448C5-8F20-4021-9D0F-EF6142AA7B7F}.Release|Any CPU.Build.0 = Release|Any CPU
	EndGlobalSection
	GlobalSection(SolutionProperties) = preSolution
		HideSolutionNode = FALSE
	EndGlobalSection
	GlobalSection(ExtensibilityGlobals) = postSolution
		SolutionGuid = {40F44436-F76A-47E7-B229-19EB06C15989}
	EndGlobalSection
EndGlobal
